lockfileVersion: 5.3

specifiers:
  '@konghayao/cn-font-split': 2.0.3
  fs-extra: ^10.0.0

dependencies:
  '@konghayao/cn-font-split': 2.0.3
  fs-extra: 10.0.0

packages:

  /@konghayao/cn-font-split/2.0.3:
    resolution: {integrity: sha512-C/Ct84YmS5zf6+AeDNd1VPmdOFXwOoPBv3Wal6WLbZcnit4pow74ER8+wT5hsaJ6QoyDZ6CI9IVW3obWA5R2dw==}
    dependencies:
      '@konghayao/promise-transaction': 1.4.0
      code-points: 2.0.0-1
      fonteditor-core: 2.1.8
      fs-extra: 10.0.0
      lodash-es: 4.17.21
      nanoid: 3.1.30
    dev: false

  /@konghayao/promise-transaction/1.4.0:
    resolution: {integrity: sha512-wgxcEeD4abMkN1M8TWsGZakveVcsC4avCUkAt8SFBB/z7S+tizctRK021MtSqcXjoY3GobAmMp1GQ6dGoD9OcQ==}
    dev: false

  /code-point/1.1.0:
    resolution: {integrity: sha1-mZhB9R9UzK5KDau8hpBjI0YD/s0=}
    dev: false

  /code-points/2.0.0-1:
    resolution: {integrity: sha512-PuPoUdSqHY96e+CvEGe0+J9XkEqnQ4o79X+k+PJlZ84sZDoSJ2Q8/1OJT4dqYn8yL5EUxGCq/x2EcLEfvcGqaw==}
    dependencies:
      code-point: 1.1.0
    dev: false

  /fonteditor-core/2.1.8:
    resolution: {integrity: sha512-cBPTY+TTLSB74HCxMQdvezfb60La4+a3+iwaG9BzkttbALFlC5V+Y8M66BPmCn2H9cyiCAd5DSMBaZXR+SC4LA==}
    dependencies:
      xmldom: 0.5.0
    dev: false

  /fs-extra/10.0.0:
    resolution: {integrity: sha512-C5owb14u9eJwizKGdchcDUQeFtlSHHthBk8pbX9Vc1PFZrLombudjDnNns88aYslCyF6IY5SUw3Roz6xShcEIQ==}
    engines: {node: '>=12'}
    dependencies:
      graceful-fs: 4.2.8
      jsonfile: 6.1.0
      universalify: 2.0.0
    dev: false

  /graceful-fs/4.2.8:
    resolution: {integrity: sha512-qkIilPUYcNhJpd33n0GBXTB1MMPp14TxEsEs0pTrsSVucApsYzW5V+Q8Qxhik6KU3evy+qkAAowTByymK0avdg==}
    dev: false

  /jsonfile/6.1.0:
    resolution: {integrity: sha512-5dgndWOriYSm5cnYaJNhalLNDKOqFwyDB/rr1E9ZsGciGvKPs8R2xYGCacuf3z6K1YKDz182fd+fY3cn3pMqXQ==}
    dependencies:
      universalify: 2.0.0
    optionalDependencies:
      graceful-fs: 4.2.8
    dev: false

  /lodash-es/4.17.21:
    resolution: {integrity: sha512-mKnC+QJ9pWVzv+C4/U3rRsHapFfHvQFoFB92e52xeyGMcX6/OlIl78je1u8vePzYZSkkogMPJ2yjxxsb89cxyw==}
    dev: false

  /nanoid/3.1.30:
    resolution: {integrity: sha512-zJpuPDwOv8D2zq2WRoMe1HsfZthVewpel9CAvTfc/2mBD1uUT/agc5f7GHGWXlYkFvi1mVxe4IjvP2HNrop7nQ==}
    engines: {node: ^10 || ^12 || ^13.7 || ^14 || >=15.0.1}
    hasBin: true
    dev: false

  /universalify/2.0.0:
    resolution: {integrity: sha512-hAZsKq7Yy11Zu1DE0OzWjw7nnLZmJZYTDZZyEFHZdUhV8FkH5MCfoU1XMaxXovpyW5nq5scPqq0ZDP9Zyl04oQ==}
    engines: {node: '>= 10.0.0'}
    dev: false

  /xmldom/0.5.0:
    resolution: {integrity: sha512-Foaj5FXVzgn7xFzsKeNIde9g6aFBxTPi37iwsno8QvApmtg7KYrr+OPyRHcJF7dud2a5nGRBXK3n0dL62Gf7PA==}
    engines: {node: '>=10.0.0'}
    dev: false
